
Microsoft Visual Studio Solution File, Format Version 12.00
Project("{F2A71F9B-5D33-465A-A702-920D77279786}") = "fsharp-99-problems", "fsharp-99-problems\fsharp-99-problems.fsproj", "{579DDD37-FBD5-45C1-8BC6-37974DCE0843}"
EndProject
Project("{F2A71F9B-5D33-465A-A702-920D77279786}") = "tests", "tests\tests.fsproj", "{A50894FF-A417-40F3-B068-B8DB6FF7E761}"
EndProject
Global
	GlobalSection(SolutionConfigurationPlatforms) = preSolution
		Debug|Any CPU = Debug|Any CPU
		Release|Any CPU = Release|Any CPU
	EndGlobalSection
	GlobalSection(ProjectConfigurationPlatforms) = postSolution
		{579DDD37-FBD5-45C1-8BC6-37974DCE0843}.Debug|Any CPU.ActiveCfg = Debug|Any CPU
		{579DDD37-FBD5-45C1-8BC6-37974DCE0843}.Debug|Any CPU.Build.0 = Debug|Any CPU
		{579DDD37-FBD5-45C1-8BC6-37974DCE0843}.Release|Any CPU.ActiveCfg = Release|Any CPU
		{579DDD37-FBD5-45C1-8BC6-37974DCE0843}.Release|Any CPU.Build.0 = Release|Any CPU
		{A50894FF-A417-40F3-B068-B8DB6FF7E761}.Debug|Any CPU.ActiveCfg = Debug|Any CPU
		{A50894FF-A417-40F3-B068-B8DB6FF7E761}.Debug|Any CPU.Build.0 = Debug|Any CPU
		{A50894FF-A417-40F3-B068-B8DB6FF7E761}.Release|Any CPU.ActiveCfg = Release|Any CPU
		{A50894FF-A417-40F3-B068-B8DB6FF7E761}.Release|Any CPU.Build.0 = Release|Any CPU
	EndGlobalSection
EndGlobal
